
Microsoft Visual Studio Solution File, Format Version 12.00
# Visual Studio Version 17
VisualStudioVersion = 17.14.36804.6
MinimumVisualStudioVersion = 10.0.40219.1
Project("{FAE04EC0-301F-11D3-BF4B-00C04F79EFBC}") = "Enums", "Enums\Enums.csproj", "{6AF05D64-C256-4581-B396-B04C4981969A}"
EndProject
Project("{FAE04EC0-301F-11D3-BF4B-00C04F79EFBC}") = "Ultilities", "Ultilities\Ultilities.csproj", "{1EDDC212-FF72-41AC-906E-32555EE9E76D}"
EndProject
Project("{FAE04EC0-301F-11D3-BF4B-00C04F79EFBC}") = "KeyGenApplication", "C:\Users\treze\source\repos\KeyGenApplication\KeyGenApplication.csproj", "{26362327-3715-15F7-270A-991B2D159620}"
EndProject
Project("{FAE04EC0-301F-11D3-BF4B-00C04F79EFBC}") = "Repositories", "C:\Users\treze\source\repos\Repositories\Repositories.csproj", "{D3EB0ADE-E872-8381-B739-BB60350BB43C}"
EndProject
Project("{FAE04EC0-301F-11D3-BF4B-00C04F79EFBC}") = "Services", "C:\Users\treze\source\repos\Services\Services.csproj", "{E1B29F4D-C1DC-C21A-A8D4-2816970E7491}"
EndProject
Global
	GlobalSection(SolutionConfigurationPlatforms) = preSolution
		Debug|Any CPU = Debug|Any CPU
		Release|Any CPU = Release|Any CPU
	EndGlobalSection
	GlobalSection(ProjectConfigurationPlatforms) = postSolution
		{6AF05D64-C256-4581-B396-B04C4981969A}.Debug|Any CPU.ActiveCfg = Debug|Any CPU
		{6AF05D64-C256-4581-B396-B04C4981969A}.Debug|Any CPU.Build.0 = Debug|Any CPU
		{6AF05D64-C256-4581-B396-B04C4981969A}.Release|Any CPU.ActiveCfg = Release|Any CPU
		{6AF05D64-C256-4581-B396-B04C4981969A}.Release|Any CPU.Build.0 = Release|Any CPU
		{1EDDC212-FF72-41AC-906E-32555EE9E76D}.Debug|Any CPU.ActiveCfg = Debug|Any CPU
		{1EDDC212-FF72-41AC-906E-32555EE9E76D}.Debug|Any CPU.Build.0 = Debug|Any CPU
		{1EDDC212-FF72-41AC-906E-32555EE9E76D}.Release|Any CPU.ActiveCfg = Release|Any CPU
		{1EDDC212-FF72-41AC-906E-32555EE9E76D}.Release|Any CPU.Build.0 = Release|Any CPU
		{26362327-3715-15F7-270A-991B2D159620}.Debug|Any CPU.ActiveCfg = Debug|Any CPU
		{26362327-3715-15F7-270A-991B2D159620}.Debug|Any CPU.Build.0 = Debug|Any CPU
		{26362327-3715-15F7-270A-991B2D159620}.Release|Any CPU.ActiveCfg = Release|Any CPU
		{26362327-3715-15F7-270A-991B2D159620}.Release|Any CPU.Build.0 = Release|Any CPU
		{D3EB0ADE-E872-8381-B739-BB60350BB43C}.Debug|Any CPU.ActiveCfg = Debug|Any CPU
		{D3EB0ADE-E872-8381-B739-BB60350BB43C}.Debug|Any CPU.Build.0 = Debug|Any CPU
		{D3EB0ADE-E872-8381-B739-BB60350BB43C}.Release|Any CPU.ActiveCfg = Release|Any CPU
		{D3EB0ADE-E872-8381-B739-BB60350BB43C}.Release|Any CPU.Build.0 = Release|Any CPU
		{E1B29F4D-C1DC-C21A-A8D4-2816970E7491}.Debug|Any CPU.ActiveCfg = Debug|Any CPU
		{E1B29F4D-C1DC-C21A-A8D4-2816970E7491}.Debug|Any CPU.Build.0 = Debug|Any CPU
		{E1B29F4D-C1DC-C21A-A8D4-2816970E7491}.Release|Any CPU.ActiveCfg = Release|Any CPU
		{E1B29F4D-C1DC-C21A-A8D4-2816970E7491}.Release|Any CPU.Build.0 = Release|Any CPU
	EndGlobalSection
	GlobalSection(SolutionProperties) = preSolution
		HideSolutionNode = FALSE
	EndGlobalSection
	GlobalSection(ExtensibilityGlobals) = postSolution
		SolutionGuid = {8D45D9F3-DE3A-4CCC-8F55-A05034A31317}
	EndGlobalSection
EndGlobal
